// !$*UTF8*$!
{
	archiveVersion = 1;
	classes = {
	};
	objectVersion = 46;
	objects = {

/* Begin PBXBuildFile section */
		5FD0A80B1BB35446003B9327 /* FLAC.framework in Frameworks */ = {isa = PBXBuildFile; fileRef = 5FD0A7FE1BB35446003B9327 /* FLAC.framework */; };
		5FD0A80C1BB35446003B9327 /* FLAC.framework in Embed Frameworks */ = {isa = PBXBuildFile; fileRef = 5FD0A7FE1BB35446003B9327 /* FLAC.framework */; settings = {ATTRIBUTES = (CodeSignOnCopy, RemoveHeadersOnCopy, ); }; };
		5FD0A80D1BB35446003B9327 /* freetype.framework in Frameworks */ = {isa = PBXBuildFile; fileRef = 5FD0A7FF1BB35446003B9327 /* freetype.framework */; };
		5FD0A80E1BB35446003B9327 /* freetype.framework in Embed Frameworks */ = {isa = PBXBuildFile; fileRef = 5FD0A7FF1BB35446003B9327 /* freetype.framework */; settings = {ATTRIBUTES = (CodeSignOnCopy, RemoveHeadersOnCopy, ); }; };
		5FD0A80F1BB35446003B9327 /* ogg.framework in Frameworks */ = {isa = PBXBuildFile; fileRef = 5FD0A8001BB35446003B9327 /* ogg.framework */; };
		5FD0A8101BB35446003B9327 /* ogg.framework in Embed Frameworks */ = {isa = PBXBuildFile; fileRef = 5FD0A8001BB35446003B9327 /* ogg.framework */; settings = {ATTRIBUTES = (CodeSignOnCopy, RemoveHeadersOnCopy, ); }; };
		5FD0A8111BB35446003B9327 /* OpenAL.framework in Frameworks */ = {isa = PBXBuildFile; fileRef = 5FD0A8011BB35446003B9327 /* OpenAL.framework */; };
		5FD0A8121BB35446003B9327 /* OpenAL.framework in Embed Frameworks */ = {isa = PBXBuildFile; fileRef = 5FD0A8011BB35446003B9327 /* OpenAL.framework */; settings = {ATTRIBUTES = (CodeSignOnCopy, RemoveHeadersOnCopy, ); }; };
		5FD0A8131BB35446003B9327 /* sfml-audio.framework in Frameworks */ = {isa = PBXBuildFile; fileRef = 5FD0A8021BB35446003B9327 /* sfml-audio.framework */; };
		5FD0A8141BB35446003B9327 /* sfml-audio.framework in Embed Frameworks */ = {isa = PBXBuildFile; fileRef = 5FD0A8021BB35446003B9327 /* sfml-audio.framework */; settings = {ATTRIBUTES = (CodeSignOnCopy, RemoveHeadersOnCopy, ); }; };
		5FD0A8151BB35446003B9327 /* sfml-graphics.framework in Frameworks */ = {isa = PBXBuildFile; fileRef = 5FD0A8031BB35446003B9327 /* sfml-graphics.framework */; };
		5FD0A8161BB35446003B9327 /* sfml-graphics.framework in Embed Frameworks */ = {isa = PBXBuildFile; fileRef = 5FD0A8031BB35446003B9327 /* sfml-graphics.framework */; settings = {ATTRIBUTES = (CodeSignOnCopy, RemoveHeadersOnCopy, ); }; };
		5FD0A8171BB35446003B9327 /* sfml-network.framework in Frameworks */ = {isa = PBXBuildFile; fileRef = 5FD0A8041BB35446003B9327 /* sfml-network.framework */; };
		5FD0A8181BB35446003B9327 /* sfml-network.framework in Embed Frameworks */ = {isa = PBXBuildFile; fileRef = 5FD0A8041BB35446003B9327 /* sfml-network.framework */; settings = {ATTRIBUTES = (CodeSignOnCopy, RemoveHeadersOnCopy, ); }; };
		5FD0A8191BB35446003B9327 /* sfml-system.framework in Frameworks */ = {isa = PBXBuildFile; fileRef = 5FD0A8051BB35446003B9327 /* sfml-system.framework */; };
		5FD0A81A1BB35446003B9327 /* sfml-system.framework in Embed Frameworks */ = {isa = PBXBuildFile; fileRef = 5FD0A8051BB35446003B9327 /* sfml-system.framework */; settings = {ATTRIBUTES = (CodeSignOnCopy, RemoveHeadersOnCopy, ); }; };
		5FD0A81B1BB35446003B9327 /* sfml-window.framework in Frameworks */ = {isa = PBXBuildFile; fileRef = 5FD0A8061BB35446003B9327 /* sfml-window.framework */; };
		5FD0A81C1BB35446003B9327 /* sfml-window.framework in Embed Frameworks */ = {isa = PBXBuildFile; fileRef = 5FD0A8061BB35446003B9327 /* sfml-window.framework */; settings = {ATTRIBUTES = (CodeSignOnCopy, RemoveHeadersOnCopy, ); }; };
		5FD0A81D1BB35446003B9327 /* SFML.framework in Frameworks */ = {isa = PBXBuildFile; fileRef = 5FD0A8071BB35446003B9327 /* SFML.framework */; };
		5FD0A81E1BB35446003B9327 /* SFML.framework in Embed Frameworks */ = {isa = PBXBuildFile; fileRef = 5FD0A8071BB35446003B9327 /* SFML.framework */; settings = {ATTRIBUTES = (CodeSignOnCopy, RemoveHeadersOnCopy, ); }; };
		5FD0A81F1BB35446003B9327 /* vorbis.framework in Frameworks */ = {isa = PBXBuildFile; fileRef = 5FD0A8081BB35446003B9327 /* vorbis.framework */; };
		5FD0A8201BB35446003B9327 /* vorbis.framework in Embed Frameworks */ = {isa = PBXBuildFile; fileRef = 5FD0A8081BB35446003B9327 /* vorbis.framework */; settings = {ATTRIBUTES = (CodeSignOnCopy, RemoveHeadersOnCopy, ); }; };
		5FD0A8211BB35446003B9327 /* vorbisenc.framework in Frameworks */ = {isa = PBXBuildFile; fileRef = 5FD0A8091BB35446003B9327 /* vorbisenc.framework */; };
		5FD0A8221BB35446003B9327 /* vorbisenc.framework in Embed Frameworks */ = {isa = PBXBuildFile; fileRef = 5FD0A8091BB35446003B9327 /* vorbisenc.framework */; settings = {ATTRIBUTES = (CodeSignOnCopy, RemoveHeadersOnCopy, ); }; };
		5FD0A8231BB35446003B9327 /* vorbisfile.framework in Frameworks */ = {isa = PBXBuildFile; fileRef = 5FD0A80A1BB35446003B9327 /* vorbisfile.framework */; };
		5FD0A8241BB35446003B9327 /* vorbisfile.framework in Embed Frameworks */ = {isa = PBXBuildFile; fileRef = 5FD0A80A1BB35446003B9327 /* vorbisfile.framework */; settings = {ATTRIBUTES = (CodeSignOnCopy, RemoveHeadersOnCopy, ); }; };
		5FD0A82F1BB3563F003B9327 /* main.cpp in Sources */ = {isa = PBXBuildFile; fileRef = 5FD0A82C1BB3563F003B9327 /* main.cpp */; settings = {ASSET_TAGS = (); }; };
		5FD0A8301BB3563F003B9327 /* ResourcePath.mm in Sources */ = {isa = PBXBuildFile; fileRef = 5FD0A82E1BB3563F003B9327 /* ResourcePath.mm */; settings = {ASSET_TAGS = (); }; };
		5FD0A83E1BB356DC003B9327 /* Audio in Resources */ = {isa = PBXBuildFile; fileRef = 5FD0A83B1BB356DC003B9327 /* Audio */; settings = {ASSET_TAGS = (); }; };
		5FD0A83F1BB356DC003B9327 /* Fonts in Resources */ = {isa = PBXBuildFile; fileRef = 5FD0A83C1BB356DC003B9327 /* Fonts */; settings = {ASSET_TAGS = (); }; };
		5FD0A8401BB356DC003B9327 /* Images in Resources */ = {isa = PBXBuildFile; fileRef = 5FD0A83D1BB356DC003B9327 /* Images */; settings = {ASSET_TAGS = (); }; };
/* End PBXBuildFile section */

/* Begin PBXCopyFilesBuildPhase section */
		5FD0A8251BB35447003B9327 /* Embed Frameworks */ = {
			isa = PBXCopyFilesBuildPhase;
			buildActionMask = 2147483647;
			dstPath = "";
			dstSubfolderSpec = 10;
			files = (
				5FD0A80E1BB35446003B9327 /* freetype.framework in Embed Frameworks */,
				5FD0A8241BB35446003B9327 /* vorbisfile.framework in Embed Frameworks */,
				5FD0A8201BB35446003B9327 /* vorbis.framework in Embed Frameworks */,
				5FD0A8221BB35446003B9327 /* vorbisenc.framework in Embed Frameworks */,
				5FD0A8141BB35446003B9327 /* sfml-audio.framework in Embed Frameworks */,
				5FD0A80C1BB35446003B9327 /* FLAC.framework in Embed Frameworks */,
				5FD0A8101BB35446003B9327 /* ogg.framework in Embed Frameworks */,
				5FD0A8121BB35446003B9327 /* OpenAL.framework in Embed Frameworks */,
				5FD0A81C1BB35446003B9327 /* sfml-window.framework in Embed Frameworks */,
				5FD0A81A1BB35446003B9327 /* sfml-system.framework in Embed Frameworks */,
				5FD0A8161BB35446003B9327 /* sfml-graphics.framework in Embed Frameworks */,
				5FD0A81E1BB35446003B9327 /* SFML.framework in Embed Frameworks */,
				5FD0A8181BB35446003B9327 /* sfml-network.framework in Embed Frameworks */,
			);
			name = "Embed Frameworks";
			runOnlyForDeploymentPostprocessing = 0;
		};
/* End PBXCopyFilesBuildPhase section */

/* Begin PBXFileReference section */
		5FD0A7FE1BB35446003B9327 /* FLAC.framework */ = {isa = PBXFileReference; lastKnownFileType = wrapper.framework; name = FLAC.framework; path = MacFrameworks/FLAC.framework; sourceTree = "<group>"; };
		5FD0A7FF1BB35446003B9327 /* freetype.framework */ = {isa = PBXFileReference; lastKnownFileType = wrapper.framework; name = freetype.framework; path = MacFrameworks/freetype.framework; sourceTree = "<group>"; };
		5FD0A8001BB35446003B9327 /* ogg.framework */ = {isa = PBXFileReference; lastKnownFileType = wrapper.framework; name = ogg.framework; path = MacFrameworks/ogg.framework; sourceTree = "<group>"; };
		5FD0A8011BB35446003B9327 /* OpenAL.framework */ = {isa = PBXFileReference; lastKnownFileType = wrapper.framework; name = OpenAL.framework; path = MacFrameworks/OpenAL.framework; sourceTree = "<group>"; };
		5FD0A8021BB35446003B9327 /* sfml-audio.framework */ = {isa = PBXFileReference; lastKnownFileType = wrapper.framework; name = "sfml-audio.framework"; path = "MacFrameworks/sfml-audio.framework"; sourceTree = "<group>"; };
		5FD0A8031BB35446003B9327 /* sfml-graphics.framework */ = {isa = PBXFileReference; lastKnownFileType = wrapper.framework; name = "sfml-graphics.framework"; path = "MacFrameworks/sfml-graphics.framework"; sourceTree = "<group>"; };
		5FD0A8041BB35446003B9327 /* sfml-network.framework */ = {isa = PBXFileReference; lastKnownFileType = wrapper.framework; name = "sfml-network.framework"; path = "MacFrameworks/sfml-network.framework"; sourceTree = "<group>"; };
		5FD0A8051BB35446003B9327 /* sfml-system.framework */ = {isa = PBXFileReference; lastKnownFileType = wrapper.framework; name = "sfml-system.framework"; path = "MacFrameworks/sfml-system.framework"; sourceTree = "<group>"; };
		5FD0A8061BB35446003B9327 /* sfml-window.framework */ = {isa = PBXFileReference; lastKnownFileType = wrapper.framework; name = "sfml-window.framework"; path = "MacFrameworks/sfml-window.framework"; sourceTree = "<group>"; };
		5FD0A8071BB35446003B9327 /* SFML.framework */ = {isa = PBXFileReference; lastKnownFileType = wrapper.framework; name = SFML.framework; path = MacFrameworks/SFML.framework; sourceTree = "<group>"; };
		5FD0A8081BB35446003B9327 /* vorbis.framework */ = {isa = PBXFileReference; lastKnownFileType = wrapper.framework; name = vorbis.framework; path = MacFrameworks/vorbis.framework; sourceTree = "<group>"; };
		5FD0A8091BB35446003B9327 /* vorbisenc.framework */ = {isa = PBXFileReference; lastKnownFileType = wrapper.framework; name = vorbisenc.framework; path = MacFrameworks/vorbisenc.framework; sourceTree = "<group>"; };
		5FD0A80A1BB35446003B9327 /* vorbisfile.framework */ = {isa = PBXFileReference; lastKnownFileType = wrapper.framework; name = vorbisfile.framework; path = MacFrameworks/vorbisfile.framework; sourceTree = "<group>"; };
		5FD0A82C1BB3563F003B9327 /* main.cpp */ = {isa = PBXFileReference; fileEncoding = 4; lastKnownFileType = sourcecode.cpp.cpp; name = main.cpp; path = Source/main.cpp; sourceTree = SOURCE_ROOT; };
		5FD0A82D1BB3563F003B9327 /* ResourcePath.h */ = {isa = PBXFileReference; fileEncoding = 4; lastKnownFileType = sourcecode.c.h; name = ResourcePath.h; path = Source/ResourcePath.h; sourceTree = SOURCE_ROOT; };
		5FD0A82E1BB3563F003B9327 /* ResourcePath.mm */ = {isa = PBXFileReference; fileEncoding = 4; lastKnownFileType = sourcecode.cpp.objcpp; name = ResourcePath.mm; path = Source/ResourcePath.mm; sourceTree = SOURCE_ROOT; };
		5FD0A83B1BB356DC003B9327 /* Audio */ = {isa = PBXFileReference; lastKnownFileType = folder; path = Audio; sourceTree = SOURCE_ROOT; };
		5FD0A83C1BB356DC003B9327 /* Fonts */ = {isa = PBXFileReference; lastKnownFileType = folder; path = Fonts; sourceTree = SOURCE_ROOT; };
		5FD0A83D1BB356DC003B9327 /* Images */ = {isa = PBXFileReference; lastKnownFileType = folder; path = Images; sourceTree = SOURCE_ROOT; };
		5FD0A8431BB35764003B9327 /* Fantastic-Info.plist */ = {isa = PBXFileReference; lastKnownFileType = text.plist.xml; name = "Fantastic-Info.plist"; path = "Fantastic.xcodeproj/Fantastic-Info.plist"; sourceTree = SOURCE_ROOT; };
		5FF4FE981BB33EE60079FC4C /* Fantastic.app */ = {isa = PBXFileReference; explicitFileType = wrapper.application; includeInIndex = 0; path = Fantastic.app; sourceTree = BUILT_PRODUCTS_DIR; };
/* End PBXFileReference section */

/* Begin PBXFrameworksBuildPhase section */
		5FF4FE941BB33EE60079FC4C /* Frameworks */ = {
			isa = PBXFrameworksBuildPhase;
			buildActionMask = 2147483647;
			files = (
				5FD0A80D1BB35446003B9327 /* freetype.framework in Frameworks */,
				5FD0A8231BB35446003B9327 /* vorbisfile.framework in Frameworks */,
				5FD0A81F1BB35446003B9327 /* vorbis.framework in Frameworks */,
				5FD0A8211BB35446003B9327 /* vorbisenc.framework in Frameworks */,
				5FD0A8131BB35446003B9327 /* sfml-audio.framework in Frameworks */,
				5FD0A80B1BB35446003B9327 /* FLAC.framework in Frameworks */,
				5FD0A80F1BB35446003B9327 /* ogg.framework in Frameworks */,
				5FD0A8111BB35446003B9327 /* OpenAL.framework in Frameworks */,
				5FD0A81B1BB35446003B9327 /* sfml-window.framework in Frameworks */,
				5FD0A8191BB35446003B9327 /* sfml-system.framework in Frameworks */,
				5FD0A8151BB35446003B9327 /* sfml-graphics.framework in Frameworks */,
				5FD0A81D1BB35446003B9327 /* SFML.framework in Frameworks */,
				5FD0A8171BB35446003B9327 /* sfml-network.framework in Frameworks */,
			);
			runOnlyForDeploymentPostprocessing = 0;
		};
/* End PBXFrameworksBuildPhase section */

/* Begin PBXGroup section */
		5FD0A8261BB354C2003B9327 /* Mac Frameworks */ = {
			isa = PBXGroup;
			children = (
				5FD0A7FE1BB35446003B9327 /* FLAC.framework */,
				5FD0A7FF1BB35446003B9327 /* freetype.framework */,
				5FD0A8001BB35446003B9327 /* ogg.framework */,
				5FD0A8011BB35446003B9327 /* OpenAL.framework */,
				5FD0A8021BB35446003B9327 /* sfml-audio.framework */,
				5FD0A8031BB35446003B9327 /* sfml-graphics.framework */,
				5FD0A8041BB35446003B9327 /* sfml-network.framework */,
				5FD0A8051BB35446003B9327 /* sfml-system.framework */,
				5FD0A8061BB35446003B9327 /* sfml-window.framework */,
				5FD0A8071BB35446003B9327 /* SFML.framework */,
				5FD0A8081BB35446003B9327 /* vorbis.framework */,
				5FD0A8091BB35446003B9327 /* vorbisenc.framework */,
				5FD0A80A1BB35446003B9327 /* vorbisfile.framework */,
			);
			name = "Mac Frameworks";
			path = ..;
			sourceTree = "<group>";
		};
		5FF4FE8E1BB33EE60079FC4C = {
			isa = PBXGroup;
			children = (
				5FF4FE9A1BB33EE60079FC4C /* Fantastic */,
				5FF4FE991BB33EE60079FC4C /* Products */,
			);
			sourceTree = "<group>";
		};
		5FF4FE991BB33EE60079FC4C /* Products */ = {
			isa = PBXGroup;
			children = (
				5FF4FE981BB33EE60079FC4C /* Fantastic.app */,
			);
			name = Products;
			sourceTree = "<group>";
		};
		5FF4FE9A1BB33EE60079FC4C /* Fantastic */ = {
			isa = PBXGroup;
			children = (
				5FD0A82C1BB3563F003B9327 /* main.cpp */,
				5FD0A82D1BB3563F003B9327 /* ResourcePath.h */,
				5FD0A82E1BB3563F003B9327 /* ResourcePath.mm */,
				5FF4FEA21BB33EE60079FC4C /* Resources */,
				5FF4FE9B1BB33EE60079FC4C /* Supporting Files */,
				5FD0A8261BB354C2003B9327 /* Mac Frameworks */,
			);
			path = Fantastic;
			sourceTree = "<group>";
		};
		5FF4FE9B1BB33EE60079FC4C /* Supporting Files */ = {
			isa = PBXGroup;
			children = (
				5FD0A8431BB35764003B9327 /* Fantastic-Info.plist */,
			);
			name = "Supporting Files";
			sourceTree = "<group>";
		};
		5FF4FEA21BB33EE60079FC4C /* Resources */ = {
			isa = PBXGroup;
			children = (
				5FD0A83B1BB356DC003B9327 /* Audio */,
				5FD0A83C1BB356DC003B9327 /* Fonts */,
				5FD0A83D1BB356DC003B9327 /* Images */,
			);
			name = Resources;
			sourceTree = "<group>";
		};
/* End PBXGroup section */

/* Begin PBXNativeTarget section */
		5FF4FE971BB33EE60079FC4C /* Fantastic */ = {
			isa = PBXNativeTarget;
			buildConfigurationList = 5FF4FEAD1BB33EE60079FC4C /* Build configuration list for PBXNativeTarget "Fantastic" */;
			buildPhases = (
				5FF4FE931BB33EE60079FC4C /* Sources */,
				5FF4FE941BB33EE60079FC4C /* Frameworks */,
				5FF4FE951BB33EE60079FC4C /* Resources */,
				5FF4FE961BB33EE60079FC4C /* ShellScript */,
				5FD0A8251BB35447003B9327 /* Embed Frameworks */,
			);
			buildRules = (
			);
			dependencies = (
			);
			name = Fantastic;
			productName = Fantastic;
			productReference = 5FF4FE981BB33EE60079FC4C /* Fantastic.app */;
			productType = "com.apple.product-type.application";
		};
/* End PBXNativeTarget section */

/* Begin PBXProject section */
		5FF4FE8F1BB33EE60079FC4C /* Project object */ = {
			isa = PBXProject;
			attributes = {
				LastUpgradeCheck = 0700;
				ORGANIZATIONNAME = "De Anza College Developers' Guild";
				TargetAttributes = {
					5FF4FE971BB33EE60079FC4C = {
						CreatedOnToolsVersion = 7.0;
					};
				};
			};
			buildConfigurationList = 5FF4FE921BB33EE60079FC4C /* Build configuration list for PBXProject "Fantastic" */;
			compatibilityVersion = "Xcode 3.2";
			developmentRegion = English;
			hasScannedForEncodings = 0;
			knownRegions = (
				en,
			);
			mainGroup = 5FF4FE8E1BB33EE60079FC4C;
			productRefGroup = 5FF4FE991BB33EE60079FC4C /* Products */;
			projectDirPath = "";
			projectRoot = "";
			targets = (
				5FF4FE971BB33EE60079FC4C /* Fantastic */,
			);
		};
/* End PBXProject section */

/* Begin PBXResourcesBuildPhase section */
		5FF4FE951BB33EE60079FC4C /* Resources */ = {
			isa = PBXResourcesBuildPhase;
			buildActionMask = 2147483647;
			files = (
				5FD0A83E1BB356DC003B9327 /* Audio in Resources */,
				5FD0A8401BB356DC003B9327 /* Images in Resources */,
				5FD0A83F1BB356DC003B9327 /* Fonts in Resources */,
			);
			runOnlyForDeploymentPostprocessing = 0;
		};
/* End PBXResourcesBuildPhase section */

/* Begin PBXShellScriptBuildPhase section */
		5FF4FE961BB33EE60079FC4C /* ShellScript */ = {
			isa = PBXShellScriptBuildPhase;
			buildActionMask = 2147483647;
			files = (
			);
			inputPaths = (
			);
			outputPaths = (
			);
			runOnlyForDeploymentPostprocessing = 0;
			shellPath = /bin/sh;
			shellScript = "# This shell script simply copies required SFML dylibs/frameworks into the application bundle frameworks folder.\n# If you're using static libraries (which is not recommended) you should remove this script from your project.\n\n# SETTINGS\n#CMAKE_INSTALL_FRAMEWORK_PREFIX=\"/Library/Frameworks\"\nCMAKE_INSTALL_FRAMEWORK_PREFIX=\"$SOURCE_ROOT/MacFrameworks\"\nCMAKE_INSTALL_LIB_PREFIX=\"/usr/local/lib\"\nFRAMEWORKS_FULL_PATH=\"$BUILT_PRODUCTS_DIR/$FRAMEWORKS_FOLDER_PATH/\"\n\n# Are we building a project that uses frameworks or dylibs?\ncase \"$SFML_BINARY_TYPE\" in\n    DYLIBS)\n        frameworks=\"false\"\n        ;;\n    *)\n        frameworks=\"true\"\n        ;;\nesac\n\n# Echoes to stderr\nerror () # $* message to display\n{\n    echo $* 1>&2\n    exit 2\n}\n\nassert () # $1 is a boolean, $2...N is an error message\n{\n    if [ $# -lt 2 ]\n    then\n        error \"Internal error in assert: not enough args\"\n    fi\n\n    if [ $1 -ne 0 ]\n    then\n        shift\n        error \"$*\"\n    fi\n}\n\nforce_remove () # $@ is some paths\n{\n    test $# -ge 1\n    assert $? \"force_remove() requires at least one parameter\"\n    rm -fr $@\n    assert $? \"couldn't remove $@\"\n}\n\ncopy () # $1 is a source, $2 is a destination\n{\n    test $# -eq 2\n    assert $? \"copy() requires two parameters\"\n    ditto \"$1\" \"$2\"\n    assert $? \"couldn't copy $1 to $2\"\n}\n\nrequire () # $1 is a SFML module like 'system' or 'audio'\n{\n    dest=\"$BUILT_PRODUCTS_DIR/$FRAMEWORKS_FOLDER_PATH/\"\n\n    if [ -z \"$1\" ]\n    then\n        error \"require() requires one parameter!\"\n    else\n        # clean potentially old stuff\n        force_remove \"$dest/libsfml-$1\"*\n        force_remove \"$dest/sfml-$1.framework\"\n\n        # copy SFML libraries\n        if [ \"$frameworks\" = \"true\" ]\n        then\n            source=\"$CMAKE_INSTALL_FRAMEWORK_PREFIX/sfml-$1.framework\"\n            target=\"sfml-$1.framework\"\n        elif [ \"$SFML_LINK_DYLIBS_SUFFIX\" = \"-d\" ]\n        then\n            source=\"$CMAKE_INSTALL_LIB_PREFIX/libsfml-$1-d.dylib\"\n            target=\"`readlink $source`\"\n        else\n            source=\"$CMAKE_INSTALL_LIB_PREFIX/libsfml-$1.dylib\"\n            target=\"`readlink $source`\"\n        fi\n\n        copy \"$source\" \"$dest/$target\"\n\n        # copy extra dependencies\n        if [ \"$1\" = \"audio\" ]\n        then\n            # copy \"FLAC\" \"ogg\" \"vorbis\" \"vorbisenc\" \"vorbisfile\" \"OpenAL\" frameworks too\n            for f in \"FLAC\" \"ogg\" \"vorbis\" \"vorbisenc\" \"vorbisfile\" \"OpenAL\"\n            do\n                copy \"$CMAKE_INSTALL_FRAMEWORK_PREFIX/$f.framework\" \"$dest/$f.framework\"\n            done\n        elif [ \"$1\" = \"graphics\" ]\n        then\n            copy \"$CMAKE_INSTALL_FRAMEWORK_PREFIX/freetype.framework\" \"$dest/freetype.framework\"\n        fi\n    fi\n}\n\nif [ -n \"$SFML_SYSTEM\" ]\nthen\n    require \"system\"\nfi\n\nif [ -n \"$SFML_AUDIO\" ]\nthen\n    require \"audio\"\nfi\n\nif [ -n \"$SFML_WINDOW\" ]\nthen\n    require \"window\"\nfi\n\nif [ -n \"$SFML_GRAPHICS\" ]\nthen\n    require \"graphics\"\nfi\n\n                ";
		};
/* End PBXShellScriptBuildPhase section */

/* Begin PBXSourcesBuildPhase section */
		5FF4FE931BB33EE60079FC4C /* Sources */ = {
			isa = PBXSourcesBuildPhase;
			buildActionMask = 2147483647;
			files = (
				5FD0A8301BB3563F003B9327 /* ResourcePath.mm in Sources */,
				5FD0A82F1BB3563F003B9327 /* main.cpp in Sources */,
			);
			runOnlyForDeploymentPostprocessing = 0;
		};
/* End PBXSourcesBuildPhase section */

/* Begin XCBuildConfiguration section */
		5FF4FEAB1BB33EE60079FC4C /* Debug */ = {
			isa = XCBuildConfiguration;
			buildSettings = {
				ARCHS = (
					i386,
					x86_64,
				);
				CLANG_CXX_LANGUAGE_STANDARD = "c++0x";
				CLANG_CXX_LIBRARY = "libc++";
				FRAMEWORK_SEARCH_PATHS = (
					/Library/Frameworks/,
					"$(inherited)",
				);
				GCC_VERSION = com.apple.compilers.llvm.clang.1_0;
				HEADER_SEARCH_PATHS = (
					/usr/local/include/,
					"$(inherited)",
				);
				LIBRARY_SEARCH_PATHS = (
					/usr/local/lib/,
					"$(inherited)",
				);
				MACOSX_DEPLOYMENT_TARGET = 10.7;
				OTHER_LDFLAGS = (
					"$(inherited)",
					"$(SFML_SYSTEM)",
					"$(SFML_WINDOW)",
					"$(SFML_GRAPHICS)",
					"$(SFML_AUDIO)",
					"$(SFML_NETWORK)",
				);
				SFML_AUDIO = "$(SFML_LINK_PREFIX) sfml-audio$(SFML_LINK_SUFFIX)";
				SFML_BINARY_TYPE = FRAMEWORKS;
				SFML_GRAPHICS = "$(SFML_LINK_PREFIX) sfml-graphics$(SFML_LINK_SUFFIX)";
				SFML_LINK_DYLIBS_PREFIX = "-l";
				SFML_LINK_DYLIBS_SUFFIX = "";
				SFML_LINK_FRAMEWORKS_PREFIX = "-framework";
				SFML_LINK_FRAMEWORKS_SUFFIX = "";
				SFML_LINK_PREFIX = "$(SFML_LINK_$(SFML_BINARY_TYPE)_PREFIX)";
				SFML_LINK_SUFFIX = "$(SFML_LINK_$(SFML_BINARY_TYPE)_SUFFIX)";
				SFML_NETWORK = "";
				SFML_SYSTEM = "$(SFML_LINK_PREFIX) sfml-system$(SFML_LINK_SUFFIX)";
				SFML_WINDOW = "$(SFML_LINK_PREFIX) sfml-window$(SFML_LINK_SUFFIX)";
				SUPPORTED_PLATFORMS = macosx;
			};
			name = Debug;
		};
		5FF4FEAC1BB33EE60079FC4C /* Release */ = {
			isa = XCBuildConfiguration;
			buildSettings = {
				ARCHS = (
					i386,
					x86_64,
				);
				CLANG_CXX_LANGUAGE_STANDARD = "c++0x";
				CLANG_CXX_LIBRARY = "libc++";
				FRAMEWORK_SEARCH_PATHS = (
					/Library/Frameworks/,
					"$(inherited)",
				);
				GCC_VERSION = com.apple.compilers.llvm.clang.1_0;
				HEADER_SEARCH_PATHS = (
					/usr/local/include/,
					"$(inherited)",
				);
				LIBRARY_SEARCH_PATHS = (
					/usr/local/lib/,
					"$(inherited)",
				);
				MACOSX_DEPLOYMENT_TARGET = 10.7;
				OTHER_LDFLAGS = (
					"$(inherited)",
					"$(SFML_SYSTEM)",
					"$(SFML_WINDOW)",
					"$(SFML_GRAPHICS)",
					"$(SFML_AUDIO)",
					"$(SFML_NETWORK)",
				);
				SFML_AUDIO = "$(SFML_LINK_PREFIX) sfml-audio$(SFML_LINK_SUFFIX)";
				SFML_BINARY_TYPE = FRAMEWORKS;
				SFML_GRAPHICS = "$(SFML_LINK_PREFIX) sfml-graphics$(SFML_LINK_SUFFIX)";
				SFML_LINK_DYLIBS_PREFIX = "-l";
				SFML_LINK_DYLIBS_SUFFIX = "";
				SFML_LINK_FRAMEWORKS_PREFIX = "-framework";
				SFML_LINK_FRAMEWORKS_SUFFIX = "";
				SFML_LINK_PREFIX = "$(SFML_LINK_$(SFML_BINARY_TYPE)_PREFIX)";
				SFML_LINK_SUFFIX = "$(SFML_LINK_$(SFML_BINARY_TYPE)_SUFFIX)";
				SFML_NETWORK = "";
				SFML_SYSTEM = "$(SFML_LINK_PREFIX) sfml-system$(SFML_LINK_SUFFIX)";
				SFML_WINDOW = "$(SFML_LINK_PREFIX) sfml-window$(SFML_LINK_SUFFIX)";
				SUPPORTED_PLATFORMS = macosx;
			};
			name = Release;
		};
		5FF4FEAE1BB33EE60079FC4C /* Debug */ = {
			isa = XCBuildConfiguration;
			buildSettings = {
				ARCHS = "$(ARCHS_STANDARD)";
				FRAMEWORK_SEARCH_PATHS = (
					/Library/Frameworks/,
					"$(inherited)",
					$SOURCE_ROOT/MacFrameworks,
					"$(PROJECT_DIR)/MacFrameworks",
				);
				INFOPLIST_FILE = "$(SRCROOT)/Fantastic.xcodeproj/Fantastic-Info.plist";
				LD_RUNPATH_SEARCH_PATHS = "@loader_path/../Frameworks @executable_path/../Frameworks";
				ONLY_ACTIVE_ARCH = YES;
				OTHER_CPLUSPLUSFLAGS = "$(OTHER_CFLAGS)";
				OTHER_LDFLAGS = (
					"$(inherited)",
					"$(SFML_SYSTEM)",
					"$(SFML_WINDOW)",
					"$(SFML_GRAPHICS)",
					"$(SFML_AUDIO)",
					"-framework",
					SFML,
				);
				PRODUCT_BUNDLE_IDENTIFIER = "edu.deanza-developersguild.Fantastic";
				PRODUCT_NAME = "$(TARGET_NAME)";
			};
			name = Debug;
		};
		5FF4FEAF1BB33EE60079FC4C /* Release */ = {
			isa = XCBuildConfiguration;
			buildSettings = {
				ARCHS = "$(ARCHS_STANDARD)";
				FRAMEWORK_SEARCH_PATHS = (
					/Library/Frameworks/,
					"$(inherited)",
					$SOURCE_ROOT/MacFrameworks,
					"$(PROJECT_DIR)/MacFrameworks",
				);
				INFOPLIST_FILE = "$(SRCROOT)/Fantastic.xcodeproj/Fantastic-Info.plist";
				LD_RUNPATH_SEARCH_PATHS = "@loader_path/../Frameworks @executable_path/../Frameworks";
				ONLY_ACTIVE_ARCH = YES;
				OTHER_CPLUSPLUSFLAGS = "$(OTHER_CFLAGS)";
				OTHER_LDFLAGS = (
					"$(inherited)",
					"$(SFML_SYSTEM)",
					"$(SFML_WINDOW)",
					"$(SFML_GRAPHICS)",
					"$(SFML_AUDIO)",
					"-framework",
					SFML,
				);
				PRODUCT_BUNDLE_IDENTIFIER = "edu.deanza-developersguild.Fantastic";
				PRODUCT_NAME = "$(TARGET_NAME)";
			};
			name = Release;
		};
/* End XCBuildConfiguration section */

/* Begin XCConfigurationList section */
		5FF4FE921BB33EE60079FC4C /* Build configuration list for PBXProject "Fantastic" */ = {
			isa = XCConfigurationList;
			buildConfigurations = (
				5FF4FEAB1BB33EE60079FC4C /* Debug */,
				5FF4FEAC1BB33EE60079FC4C /* Release */,
			);
			defaultConfigurationIsVisible = 0;
			defaultConfigurationName = Release;
		};
		5FF4FEAD1BB33EE60079FC4C /* Build configuration list for PBXNativeTarget "Fantastic" */ = {
			isa = XCConfigurationList;
			buildConfigurations = (
				5FF4FEAE1BB33EE60079FC4C /* Debug */,
				5FF4FEAF1BB33EE60079FC4C /* Release */,
			);
			defaultConfigurationIsVisible = 0;
			defaultConfigurationName = Release;
		};
/* End XCConfigurationList section */
	};
	rootObject = 5FF4FE8F1BB33EE60079FC4C /* Project object */;
}
